
Microsoft Visual Studio Solution File, Format Version 12.00
# Visual Studio Version 17
VisualStudioVersion = 17.5.33530.505
MinimumVisualStudioVersion = 10.0.40219.1
Project("{9A19103F-16F7-4668-BE54-9A1E7A4F7556}") = "CSP", "CSP.csproj", "{7D819BC8-E452-4664-A3BC-3F1B9238F2C5}"
EndProject
Global
	GlobalSection(SolutionConfigurationPlatforms) = preSolution
		Debug|Any CPU = Debug|Any CPU
		Release|Any CPU = Release|Any CPU
	EndGlobalSection
	GlobalSection(ProjectConfigurationPlatforms) = postSolution
		{7D819BC8-E452-4664-A3BC-3F1B9238F2C5}.Debug|Any CPU.ActiveCfg = Debug|Any CPU
		{7D819BC8-E452-4664-A3BC-3F1B9238F2C5}.Debug|Any CPU.Build.0 = Debug|Any CPU
		{7D819BC8-E452-4664-A3BC-3F1B9238F2C5}.Release|Any CPU.ActiveCfg = Release|Any CPU
		{7D819BC8-E452-4664-A3BC-3F1B9238F2C5}.Release|Any CPU.Build.0 = Release|Any CPU
	EndGlobalSection
	GlobalSection(SolutionProperties) = preSolution
		HideSolutionNode = FALSE
	EndGlobalSection
	GlobalSection(ExtensibilityGlobals) = postSolution
		SolutionGuid = {D3A7A877-21FA-4F7F-B727-951BFAC22408}
	EndGlobalSection
EndGlobal
